Microsoft Visual Studio Solution File, Format Version 12.00
# Visual Studio Version 17
VisualStudioVersion = 17.5.2.0
MinimumVisualStudioVersion = 10.0.40219.1
Project("{FAE04EC0-301F-11D3-BF4B-00C04F79EFBC}") = "CursedShop", "CursedShop.csproj", "{1328C99B-1002-8E15-AFBD-294035C93E8A}"
EndProject
Global
	GlobalSection(SolutionConfigurationPlatforms) = preSolution
		Debug|Any CPU = Debug|Any CPU
		Release|Any CPU = Release|Any CPU
	EndGlobalSection
	GlobalSection(ProjectConfigurationPlatforms) = postSolution
		{1328C99B-1002-8E15-AFBD-294035C93E8A}.Debug|Any CPU.ActiveCfg = Debug|Any CPU
		{1328C99B-1002-8E15-AFBD-294035C93E8A}.Debug|Any CPU.Build.0 = Debug|Any CPU
		{1328C99B-1002-8E15-AFBD-294035C93E8A}.Release|Any CPU.ActiveCfg = Release|Any CPU
		{1328C99B-1002-8E15-AFBD-294035C93E8A}.Release|Any CPU.Build.0 = Release|Any CPU
	EndGlobalSection
	GlobalSection(SolutionProperties) = preSolution
		HideSolutionNode = FALSE
	EndGlobalSection
	GlobalSection(ExtensibilityGlobals) = postSolution
		SolutionGuid = {58D443C3-DC6A-4281-915F-B26340790612}
	EndGlobalSection
EndGlobal
